PODS:
  - Flutter (1.0.0)
  - flutter_secure_storage (6.0.0):
    - Flutter
  - permission_handler_apple (9.3.0):
    - Flutter
  - whisper_flutter_new (0.0.1):
    - Flutter

DEPENDENCIES:
  - Flutter (from `Flutter`)
  - flutter_secure_storage (from `.symlinks/plugins/flutter_secure_storage/ios`)
  - permission_handler_apple (from `.symlinks/plugins/permission_handler_apple/ios`)
  - whisper_flutter_new (from `.symlinks/plugins/whisper_flutter_new/ios`)

EXTERNAL SOURCES:
  Flutter:
    :path: Flutter
  flutter_secure_storage:
    :path: ".symlinks/plugins/flutter_secure_storage/ios"
  permission_handler_apple:
    :path: ".symlinks/plugins/permission_handler_apple/ios"
  whisper_flutter_new:
    :path: ".symlinks/plugins/whisper_flutter_new/ios"

SPEC CHECKSUMS:
  Flutter: e0871f40cf51350855a761d2e70bf5af5b9b5de7
  flutter_secure_storage: 1ed9476fba7e7a782b22888f956cce43e2c62f13
  permission_handler_apple: 4ed2196e43d0651e8ff7ca3483a069d469701f2d
  whisper_flutter_new: 9276535665f51f845831fe94859b2cccd0334a70

PODFILE CHECKSUM: 925325d20e05a8bbfce919e0da669633c652835f

COCOAPODS: 1.16.2
